
Microsoft Visual Studio Solution File, Format Version 12.00
# Visual Studio 15
VisualStudioVersion = 15.0.28307.902
MinimumVisualStudioVersion = 10.0.40219.1
Project("{FAE04EC0-301F-11D3-BF4B-00C04F79EFBC}") = "CsharpAppiumTemplate", "CsharpAppiumTemplate\CsharpAppiumTemplate.csproj", "{5281D71A-2F18-4A01-BEB0-6BAD7908AB9C}"
EndProject
Global
	GlobalSection(SolutionConfigurationPlatforms) = preSolution
		Debug|Any CPU = Debug|Any CPU
		Release|Any CPU = Release|Any CPU
	EndGlobalSection
	GlobalSection(ProjectConfigurationPlatforms) = postSolution
		{5281D71A-2F18-4A01-BEB0-6BAD7908AB9C}.Debug|Any CPU.ActiveCfg = Debug|Any CPU
		{5281D71A-2F18-4A01-BEB0-6BAD7908AB9C}.Debug|Any CPU.Build.0 = Debug|Any CPU
		{5281D71A-2F18-4A01-BEB0-6BAD7908AB9C}.Release|Any CPU.ActiveCfg = Release|Any CPU
		{5281D71A-2F18-4A01-BEB0-6BAD7908AB9C}.Release|Any CPU.Build.0 = Release|Any CPU
	EndGlobalSection
	GlobalSection(SolutionProperties) = preSolution
		HideSolutionNode = FALSE
	EndGlobalSection
	GlobalSection(ExtensibilityGlobals) = postSolution
		SolutionGuid = {365FB8B2-68DB-498C-9561-D6C1760E5A10}
	EndGlobalSection
EndGlobal
